// !$*UTF8*$!
{
	archiveVersion = 1;
	classes = {
	};
	objectVersion = 46;
	objects = {

/* Begin PBXBuildFile section */
		6AC2A8AB1964A03F00187008 /* Foundation.framework in Frameworks */ = {isa = PBXBuildFile; fileRef = 6AC2A8AA1964A03F00187008 /* Foundation.framework */; };
		6AC2A8AD1964A03F00187008 /* CoreGraphics.framework in Frameworks */ = {isa = PBXBuildFile; fileRef = 6AC2A8AC1964A03F00187008 /* CoreGraphics.framework */; };
		6AC2A8AF1964A03F00187008 /* UIKit.framework in Frameworks */ = {isa = PBXBuildFile; fileRef = 6AC2A8AE1964A03F00187008 /* UIKit.framework */; };
		6AC2A8B51964A03F00187008 /* InfoPlist.strings in Resources */ = {isa = PBXBuildFile; fileRef = 6AC2A8B31964A03F00187008 /* InfoPlist.strings */; };
		6AC2A8B71964A03F00187008 /* main.m in Sources */ = {isa = PBXBuildFile; fileRef = 6AC2A8B61964A03F00187008 /* main.m */; };
		6AC2A8BB1964A03F00187008 /* DMAppDelegate.m in Sources */ = {isa = PBXBuildFile; fileRef = 6AC2A8BA1964A03F00187008 /* DMAppDelegate.m */; };
		6AC2A8BE1964A03F00187008 /* Main.storyboard in Resources */ = {isa = PBXBuildFile; fileRef = 6AC2A8BC1964A03F00187008 /* Main.storyboard */; };
		6AC2A8C11964A03F00187008 /* DMViewController.m in Sources */ = {isa = PBXBuildFile; fileRef = 6AC2A8C01964A03F00187008 /* DMViewController.m */; };
		6AC2A8C31964A03F00187008 /* Images.xcassets in Resources */ = {isa = PBXBuildFile; fileRef = 6AC2A8C21964A03F00187008 /* Images.xcassets */; };
		6AC2A8CA1964A03F00187008 /* XCTest.framework in Frameworks */ = {isa = PBXBuildFile; fileRef = 6AC2A8C91964A03F00187008 /* XCTest.framework */; };
		6AC2A8CB1964A03F00187008 /* Foundation.framework in Frameworks */ = {isa = PBXBuildFile; fileRef = 6AC2A8AA1964A03F00187008 /* Foundation.framework */; };
		6AC2A8CC1964A03F00187008 /* UIKit.framework in Frameworks */ = {isa = PBXBuildFile; fileRef = 6AC2A8AE1964A03F00187008 /* UIKit.framework */; };
		6AC2A8D41964A03F00187008 /* InfoPlist.strings in Resources */ = {isa = PBXBuildFile; fileRef = 6AC2A8D21964A03F00187008 /* InfoPlist.strings */; };
		6AC2A8D61964A03F00187008 /* DreamMarkTests.m in Sources */ = {isa = PBXBuildFile; fileRef = 6AC2A8D51964A03F00187008 /* DreamMarkTests.m */; };
		6AC2A8E11964A3B800187008 /* home.png in Resources */ = {isa = PBXBuildFile; fileRef = 6AC2A8E01964A3B800187008 /* home.png */; };
		6AC2A8E61964A3C600187008 /* save.png in Resources */ = {isa = PBXBuildFile; fileRef = 6AC2A8E21964A3C600187008 /* save.png */; };
		6AC2A8E81964A3C600187008 /* share.png in Resources */ = {isa = PBXBuildFile; fileRef = 6AC2A8E41964A3C600187008 /* share.png */; };
		6AC2A8EC1964A7C200187008 /* DMGraffitiViewController.m in Sources */ = {isa = PBXBuildFile; fileRef = 6AC2A8EB1964A7C200187008 /* DMGraffitiViewController.m */; };
		FA763C05196E1F800077378E /* l_caipiao.png in Resources */ = {isa = PBXBuildFile; fileRef = FA763BFE196E1F800077378E /* l_caipiao.png */; };
		FA763C06196E1F800077378E /* l_car.png in Resources */ = {isa = PBXBuildFile; fileRef = FA763BFF196E1F800077378E /* l_car.png */; };
		FA763C07196E1F800077378E /* l_ferry.png in Resources */ = {isa = PBXBuildFile; fileRef = FA763C00196E1F800077378E /* l_ferry.png */; };
		FA763C08196E1F800077378E /* l_fly.png in Resources */ = {isa = PBXBuildFile; fileRef = FA763C01196E1F800077378E /* l_fly.png */; };
		FA763C09196E1F800077378E /* l_jin18.png in Resources */ = {isa = PBXBuildFile; fileRef = FA763C02196E1F800077378E /* l_jin18.png */; };
		FA763C0A196E1F800077378E /* l_money.png in Resources */ = {isa = PBXBuildFile; fileRef = FA763C03196E1F800077378E /* l_money.png */; };
		FA763C0B196E1F800077378E /* l_wed.png in Resources */ = {isa = PBXBuildFile; fileRef = FA763C04196E1F800077378E /* l_wed.png */; };
		FA763C17196E1FB50077378E /* o_animal.png in Resources */ = {isa = PBXBuildFile; fileRef = FA763C0D196E1FB50077378E /* o_animal.png */; };
		FA763C18196E1FB50077378E /* o_bird.png in Resources */ = {isa = PBXBuildFile; fileRef = FA763C0E196E1FB50077378E /* o_bird.png */; };
		FA763C19196E1FB50077378E /* o_fire.png in Resources */ = {isa = PBXBuildFile; fileRef = FA763C0F196E1FB50077378E /* o_fire.png */; };
		FA763C1A196E1FB50077378E /* o_fish.png in Resources */ = {isa = PBXBuildFile; fileRef = FA763C10196E1FB50077378E /* o_fish.png */; };
		FA763C1B196E1FB50077378E /* o_flower.png in Resources */ = {isa = PBXBuildFile; fileRef = FA763C11196E1FB50077378E /* o_flower.png */; };
		FA763C1C196E1FB50077378E /* o_fruit.png in Resources */ = {isa = PBXBuildFile; fileRef = FA763C12196E1FB50077378E /* o_fruit.png */; };
		FA763C1D196E1FB50077378E /* o_music.png in Resources */ = {isa = PBXBuildFile; fileRef = FA763C13196E1FB50077378E /* o_music.png */; };
		FA763C1E196E1FB50077378E /* o_snake.png in Resources */ = {isa = PBXBuildFile; fileRef = FA763C14196E1FB50077378E /* o_snake.png */; };
		FA763C1F196E1FB50077378E /* o_sonwOrRain.png in Resources */ = {isa = PBXBuildFile; fileRef = FA763C15196E1FB50077378E /* o_sonwOrRain.png */; };
		FA763C20196E1FB50077378E /* o_test.png in Resources */ = {isa = PBXBuildFile; fileRef = FA763C16196E1FB50077378E /* o_test.png */; };
		FA763C22196E1FD70077378E /* piclist3.plist in Resources */ = {isa = PBXBuildFile; fileRef = FA763C21196E1FD70077378E /* piclist3.plist */; };
		FA763C24196E1FEC0077378E /* piclist4.plist in Resources */ = {isa = PBXBuildFile; fileRef = FA763C23196E1FEC0077378E /* piclist4.plist */; };
		FA769FF4196A286000BA77F8 /* piclist.plist in Resources */ = {isa = PBXBuildFile; fileRef = FA769FF2196A286000BA77F8 /* piclist.plist */; };
		FA769FF5196A286000BA77F8 /* piclist2.plist in Resources */ = {isa = PBXBuildFile; fileRef = FA769FF3196A286000BA77F8 /* piclist2.plist */; };
		FA769FFA196A286E00BA77F8 /* mark.png in Resources */ = {isa = PBXBuildFile; fileRef = FA769FF6196A286E00BA77F8 /* mark.png */; };
		FA769FFB196A286E00BA77F8 /* mark1.png in Resources */ = {isa = PBXBuildFile; fileRef = FA769FF7196A286E00BA77F8 /* mark1.png */; };
		FA769FFC196A286E00BA77F8 /* mark2.png in Resources */ = {isa = PBXBuildFile; fileRef = FA769FF8196A286E00BA77F8 /* mark2.png */; };
		FA769FFD196A286E00BA77F8 /* mark3.png in Resources */ = {isa = PBXBuildFile; fileRef = FA769FF9196A286E00BA77F8 /* mark3.png */; };
		FA76A004196A288300BA77F8 /* s_trees.png in Resources */ = {isa = PBXBuildFile; fileRef = FA769FFE196A288300BA77F8 /* s_trees.png */; };
		FA76A005196A288300BA77F8 /* s_water.png in Resources */ = {isa = PBXBuildFile; fileRef = FA769FFF196A288300BA77F8 /* s_water.png */; };
		FA76A006196A288300BA77F8 /* s_cliff.png in Resources */ = {isa = PBXBuildFile; fileRef = FA76A000196A288300BA77F8 /* s_cliff.png */; };
		FA76A007196A288300BA77F8 /* s_house.png in Resources */ = {isa = PBXBuildFile; fileRef = FA76A001196A288300BA77F8 /* s_house.png */; };
		FA76A008196A288300BA77F8 /* s_mountain.png in Resources */ = {isa = PBXBuildFile; fileRef = FA76A002196A288300BA77F8 /* s_mountain.png */; };
		FA76A009196A288300BA77F8 /* s_sky.png in Resources */ = {isa = PBXBuildFile; fileRef = FA76A003196A288300BA77F8 /* s_sky.png */; };
		FA76A00B196A288D00BA77F8 /* s_night.png in Resources */ = {isa = PBXBuildFile; fileRef = FA76A00A196A288D00BA77F8 /* s_night.png */; };
		FA76A00E196A2B4100BA77F8 /* DMPicInfo.m in Sources */ = {isa = PBXBuildFile; fileRef = FA76A00D196A2B4100BA77F8 /* DMPicInfo.m */; };
		FAD8F1271964F4DC003613D2 /* DMPuzzleViewController.m in Sources */ = {isa = PBXBuildFile; fileRef = FAD8F1261964F4DC003613D2 /* DMPuzzleViewController.m */; };
		FAD8F1291964F671003613D2 /* xianq.png in Resources */ = {isa = PBXBuildFile; fileRef = FAD8F1281964F671003613D2 /* xianq.png */; };
/* End PBXBuildFile section */

/* Begin PBXContainerItemProxy section */
		6AC2A8CD1964A03F00187008 /* PBXContainerItemProxy */ = {
			isa = PBXContainerItemProxy;
			containerPortal = 6AC2A89F1964A03F00187008 /* Project object */;
			proxyType = 1;
			remoteGlobalIDString = 6AC2A8A61964A03F00187008;
			remoteInfo = DreamMark;
		};
/* End PBXContainerItemProxy section */

/* Begin PBXFileReference section */
		6AC2A8A71964A03F00187008 /* DreamMark.app */ = {isa = PBXFileReference; explicitFileType = wrapper.application; includeInIndex = 0; path = DreamMark.app; sourceTree = BUILT_PRODUCTS_DIR; };
		6AC2A8AA1964A03F00187008 /* Foundation.framework */ = {isa = PBXFileReference; lastKnownFileType = wrapper.framework; name = Foundation.framework; path = System/Library/Frameworks/Foundation.framework; sourceTree = SDKROOT; };
		6AC2A8AC1964A03F00187008 /* CoreGraphics.framework */ = {isa = PBXFileReference; lastKnownFileType = wrapper.framework; name = CoreGraphics.framework; path = System/Library/Frameworks/CoreGraphics.framework; sourceTree = SDKROOT; };
		6AC2A8AE1964A03F00187008 /* UIKit.framework */ = {isa = PBXFileReference; lastKnownFileType = wrapper.framework; name = UIKit.framework; path = System/Library/Frameworks/UIKit.framework; sourceTree = SDKROOT; };
		6AC2A8B21964A03F00187008 /* DreamMark-Info.plist */ = {isa = PBXFileReference; lastKnownFileType = text.plist.xml; path = "DreamMark-Info.plist"; sourceTree = "<group>"; };
		6AC2A8B41964A03F00187008 /* en */ = {isa = PBXFileReference; lastKnownFileType = text.plist.strings; name = en; path = en.lproj/InfoPlist.strings; sourceTree = "<group>"; };
		6AC2A8B61964A03F00187008 /* main.m */ = {isa = PBXFileReference; lastKnownFileType = sourcecode.c.objc; path = main.m; sourceTree = "<group>"; };
		6AC2A8B81964A03F00187008 /* DreamMark-Prefix.pch */ = {isa = PBXFileReference; lastKnownFileType = sourcecode.c.h; path = "DreamMark-Prefix.pch"; sourceTree = "<group>"; };
		6AC2A8B91964A03F00187008 /* DMAppDelegate.h */ = {isa = PBXFileReference; lastKnownFileType = sourcecode.c.h; path = DMAppDelegate.h; sourceTree = "<group>"; };
		6AC2A8BA1964A03F00187008 /* DMAppDelegate.m */ = {isa = PBXFileReference; lastKnownFileType = sourcecode.c.objc; path = DMAppDelegate.m; sourceTree = "<group>"; };
		6AC2A8BD1964A03F00187008 /* Base */ = {isa = PBXFileReference; lastKnownFileType = file.storyboard; name = Base; path = Base.lproj/Main.storyboard; sourceTree = "<group>"; };
		6AC2A8BF1964A03F00187008 /* DMViewController.h */ = {isa = PBXFileReference; lastKnownFileType = sourcecode.c.h; path = DMViewController.h; sourceTree = "<group>"; };
		6AC2A8C01964A03F00187008 /* DMViewController.m */ = {isa = PBXFileReference; lastKnownFileType = sourcecode.c.objc; path = DMViewController.m; sourceTree = "<group>"; };
		6AC2A8C21964A03F00187008 /* Images.xcassets */ = {isa = PBXFileReference; lastKnownFileType = folder.assetcatalog; path = Images.xcassets; sourceTree = "<group>"; };
		6AC2A8C81964A03F00187008 /* DreamMarkTests.xctest */ = {isa = PBXFileReference; explicitFileType = wrapper.cfbundle; includeInIndex = 0; path = DreamMarkTests.xctest; sourceTree = BUILT_PRODUCTS_DIR; };
		6AC2A8C91964A03F00187008 /* XCTest.framework */ = {isa = PBXFileReference; lastKnownFileType = wrapper.framework; name = XCTest.framework; path = Library/Frameworks/XCTest.framework; sourceTree = DEVELOPER_DIR; };
		6AC2A8D11964A03F00187008 /* DreamMarkTests-Info.plist */ = {isa = PBXFileReference; lastKnownFileType = text.plist.xml; path = "DreamMarkTests-Info.plist"; sourceTree = "<group>"; };
		6AC2A8D31964A03F00187008 /* en */ = {isa = PBXFileReference; lastKnownFileType = text.plist.strings; name = en; path = en.lproj/InfoPlist.strings; sourceTree = "<group>"; };
		6AC2A8D51964A03F00187008 /* DreamMarkTests.m */ = {isa = PBXFileReference; lastKnownFileType = sourcecode.c.objc; path = DreamMarkTests.m; sourceTree = "<group>"; };
		6AC2A8E01964A3B800187008 /* home.png */ = {isa = PBXFileReference; lastKnownFileType = image.png; path = home.png; sourceTree = "<group>"; };
		6AC2A8E21964A3C600187008 /* save.png */ = {isa = PBXFileReference; lastKnownFileType = image.png; path = save.png; sourceTree = "<group>"; };
		6AC2A8E41964A3C600187008 /* share.png */ = {isa = PBXFileReference; lastKnownFileType = image.png; path = share.png; sourceTree = "<group>"; };
		6AC2A8EA1964A7C200187008 /* DMGraffitiViewController.h */ = {isa = PBXFileReference; fileEncoding = 4; lastKnownFileType = sourcecode.c.h; path = DMGraffitiViewController.h; sourceTree = "<group>"; };
		6AC2A8EB1964A7C200187008 /* DMGraffitiViewController.m */ = {isa = PBXFileReference; fileEncoding = 4; lastKnownFileType = sourcecode.c.objc; path = DMGraffitiViewController.m; sourceTree = "<group>"; };
		FA763BFE196E1F800077378E /* l_caipiao.png */ = {isa = PBXFileReference; lastKnownFileType = image.png; path = l_caipiao.png; sourceTree = "<group>"; };
		FA763BFF196E1F800077378E /* l_car.png */ = {isa = PBXFileReference; lastKnownFileType = image.png; path = l_car.png; sourceTree = "<group>"; };
		FA763C00196E1F800077378E /* l_ferry.png */ = {isa = PBXFileReference; lastKnownFileType = image.png; path = l_ferry.png; sourceTree = "<group>"; };
		FA763C01196E1F800077378E /* l_fly.png */ = {isa = PBXFileReference; lastKnownFileType = image.png; path = l_fly.png; sourceTree = "<group>"; };
		FA763C02196E1F800077378E /* l_jin18.png */ = {isa = PBXFileReference; lastKnownFileType = image.png; path = l_jin18.png; sourceTree = "<group>"; };
		FA763C03196E1F800077378E /* l_money.png */ = {isa = PBXFileReference; lastKnownFileType = image.png; path = l_money.png; sourceTree = "<group>"; };
		FA763C04196E1F800077378E /* l_wed.png */ = {isa = PBXFileReference; lastKnownFileType = image.png; path = l_wed.png; sourceTree = "<group>"; };
		FA763C0D196E1FB50077378E /* o_animal.png */ = {isa = PBXFileReference; lastKnownFileType = image.png; path = o_animal.png; sourceTree = "<group>"; };
		FA763C0E196E1FB50077378E /* o_bird.png */ = {isa = PBXFileReference; lastKnownFileType = image.png; path = o_bird.png; sourceTree = "<group>"; };
		FA763C0F196E1FB50077378E /* o_fire.png */ = {isa = PBXFileReference; lastKnownFileType = image.png; path = o_fire.png; sourceTree = "<group>"; };
		FA763C10196E1FB50077378E /* o_fish.png */ = {isa = PBXFileReference; lastKnownFileType = image.png; path = o_fish.png; sourceTree = "<group>"; };
		FA763C11196E1FB50077378E /* o_flower.png */ = {isa = PBXFileReference; lastKnownFileType = image.png; path = o_flower.png; sourceTree = "<group>"; };
		FA763C12196E1FB50077378E /* o_fruit.png */ = {isa = PBXFileReference; lastKnownFileType = image.png; path = o_fruit.png; sourceTree = "<group>"; };
		FA763C13196E1FB50077378E /* o_music.png */ = {isa = PBXFileReference; lastKnownFileType = image.png; path = o_music.png; sourceTree = "<group>"; };
		FA763C14196E1FB50077378E /* o_snake.png */ = {isa = PBXFileReference; lastKnownFileType = image.png; path = o_snake.png; sourceTree = "<group>"; };
		FA763C15196E1FB50077378E /* o_sonwOrRain.png */ = {isa = PBXFileReference; lastKnownFileType = image.png; path = o_sonwOrRain.png; sourceTree = "<group>"; };
		FA763C16196E1FB50077378E /* o_test.png */ = {isa = PBXFileReference; lastKnownFileType = image.png; path = o_test.png; sourceTree = "<group>"; };
		FA763C21196E1FD70077378E /* piclist3.plist */ = {isa = PBXFileReference; fileEncoding = 4; lastKnownFileType = text.plist.xml; path = piclist3.plist; sourceTree = "<group>"; };
		FA763C23196E1FEC0077378E /* piclist4.plist */ = {isa = PBXFileReference; fileEncoding = 4; lastKnownFileType = text.plist.xml; path = piclist4.plist; sourceTree = "<group>"; };
		FA769FF2196A286000BA77F8 /* piclist.plist */ = {isa = PBXFileReference; fileEncoding = 4; lastKnownFileType = text.plist.xml; path = piclist.plist; sourceTree = "<group>"; };
		FA769FF3196A286000BA77F8 /* piclist2.plist */ = {isa = PBXFileReference; fileEncoding = 4; lastKnownFileType = text.plist.xml; path = piclist2.plist; sourceTree = "<group>"; };
		FA769FF6196A286E00BA77F8 /* mark.png */ = {isa = PBXFileReference; lastKnownFileType = image.png; path = mark.png; sourceTree = "<group>"; };
		FA769FF7196A286E00BA77F8 /* mark1.png */ = {isa = PBXFileReference; lastKnownFileType = image.png; path = mark1.png; sourceTree = "<group>"; };
		FA769FF8196A286E00BA77F8 /* mark2.png */ = {isa = PBXFileReference; lastKnownFileType = image.png; path = mark2.png; sourceTree = "<group>"; };
		FA769FF9196A286E00BA77F8 /* mark3.png */ = {isa = PBXFileReference; lastKnownFileType = image.png; path = mark3.png; sourceTree = "<group>"; };
		FA769FFE196A288300BA77F8 /* s_trees.png */ = {isa = PBXFileReference; lastKnownFileType = image.png; path = s_trees.png; sourceTree = "<group>"; };
		FA769FFF196A288300BA77F8 /* s_water.png */ = {isa = PBXFileReference; lastKnownFileType = image.png; path = s_water.png; sourceTree = "<group>"; };
		FA76A000196A288300BA77F8 /* s_cliff.png */ = {isa = PBXFileReference; lastKnownFileType = image.png; path = s_cliff.png; sourceTree = "<group>"; };
		FA76A001196A288300BA77F8 /* s_house.png */ = {isa = PBXFileReference; lastKnownFileType = image.png; path = s_house.png; sourceTree = "<group>"; };
		FA76A002196A288300BA77F8 /* s_mountain.png */ = {isa = PBXFileReference; lastKnownFileType = image.png; path = s_mountain.png; sourceTree = "<group>"; };
		FA76A003196A288300BA77F8 /* s_sky.png */ = {isa = PBXFileReference; lastKnownFileType = image.png; path = s_sky.png; sourceTree = "<group>"; };
		FA76A00A196A288D00BA77F8 /* s_night.png */ = {isa = PBXFileReference; lastKnownFileType = image.png; path = s_night.png; sourceTree = "<group>"; };
		FA76A00C196A2B4100BA77F8 /* DMPicInfo.h */ = {isa = PBXFileReference; fileEncoding = 4; lastKnownFileType = sourcecode.c.h; path = DMPicInfo.h; sourceTree = "<group>"; };
		FA76A00D196A2B4100BA77F8 /* DMPicInfo.m */ = {isa = PBXFileReference; fileEncoding = 4; lastKnownFileType = sourcecode.c.objc; path = DMPicInfo.m; sourceTree = "<group>"; };
		FAD8F1251964F4DC003613D2 /* DMPuzzleViewController.h */ = {isa = PBXFileReference; fileEncoding = 4; lastKnownFileType = sourcecode.c.h; path = DMPuzzleViewController.h; sourceTree = "<group>"; };
		FAD8F1261964F4DC003613D2 /* DMPuzzleViewController.m */ = {isa = PBXFileReference; fileEncoding = 4; lastKnownFileType = sourcecode.c.objc; path = DMPuzzleViewController.m; sourceTree = "<group>"; };
		FAD8F1281964F671003613D2 /* xianq.png */ = {isa = PBXFileReference; lastKnownFileType = image.png; path = xianq.png; sourceTree = "<group>"; };
/* End PBXFileReference section */

/* Begin PBXFrameworksBuildPhase section */
		6AC2A8A41964A03F00187008 /* Frameworks */ = {
			isa = PBXFrameworksBuildPhase;
			buildActionMask = 2147483647;
			files = (
				6AC2A8AD1964A03F00187008 /* CoreGraphics.framework in Frameworks */,
				6AC2A8AF1964A03F00187008 /* UIKit.framework in Frameworks */,
				6AC2A8AB1964A03F00187008 /* Foundation.framework in Frameworks */,
			);
			runOnlyForDeploymentPostprocessing = 0;
		};
		6AC2A8C51964A03F00187008 /* Frameworks */ = {
			isa = PBXFrameworksBuildPhase;
			buildActionMask = 2147483647;
			files = (
				6AC2A8CA1964A03F00187008 /* XCTest.framework in Frameworks */,
				6AC2A8CC1964A03F00187008 /* UIKit.framework in Frameworks */,
				6AC2A8CB1964A03F00187008 /* Foundation.framework in Frameworks */,
			);
			runOnlyForDeploymentPostprocessing = 0;
		};
/* End PBXFrameworksBuildPhase section */

/* Begin PBXGroup section */
		6AC2A89E1964A03F00187008 = {
			isa = PBXGroup;
			children = (
				6AC2A8B01964A03F00187008 /* DreamMark */,
				6AC2A8CF1964A03F00187008 /* DreamMarkTests */,
				6AC2A8A91964A03F00187008 /* Frameworks */,
				6AC2A8A81964A03F00187008 /* Products */,
			);
			sourceTree = "<group>";
		};
		6AC2A8A81964A03F00187008 /* Products */ = {
			isa = PBXGroup;
			children = (
				6AC2A8A71964A03F00187008 /* DreamMark.app */,
				6AC2A8C81964A03F00187008 /* DreamMarkTests.xctest */,
			);
			name = Products;
			sourceTree = "<group>";
		};
		6AC2A8A91964A03F00187008 /* Frameworks */ = {
			isa = PBXGroup;
			children = (
				6AC2A8AA1964A03F00187008 /* Foundation.framework */,
				6AC2A8AC1964A03F00187008 /* CoreGraphics.framework */,
				6AC2A8AE1964A03F00187008 /* UIKit.framework */,
				6AC2A8C91964A03F00187008 /* XCTest.framework */,
			);
			name = Frameworks;
			sourceTree = "<group>";
		};
		6AC2A8B01964A03F00187008 /* DreamMark */ = {
			isa = PBXGroup;
			children = (
				6AC2A8DF1964A18400187008 /* ControllerViews */,
				6AC2A8B91964A03F00187008 /* DMAppDelegate.h */,
				6AC2A8BA1964A03F00187008 /* DMAppDelegate.m */,
				6AC2A8BC1964A03F00187008 /* Main.storyboard */,
				6AC2A8BF1964A03F00187008 /* DMViewController.h */,
				6AC2A8C01964A03F00187008 /* DMViewController.m */,
				FA76A00C196A2B4100BA77F8 /* DMPicInfo.h */,
				FA76A00D196A2B4100BA77F8 /* DMPicInfo.m */,
				6AC2A8C21964A03F00187008 /* Images.xcassets */,
				6AC2A8B11964A03F00187008 /* Supporting Files */,
			);
			path = DreamMark;
			sourceTree = "<group>";
		};
		6AC2A8B11964A03F00187008 /* Supporting Files */ = {
			isa = PBXGroup;
			children = (
				FA763C0C196E1F970077378E /* others */,
				FACECD16196B883800BDDD2E /* story */,
				FACECD15196B882000BDDD2E /* mark */,
				FACECD14196B87F900BDDD2E /* scene */,
				FA769FF2196A286000BA77F8 /* piclist.plist */,
				FA769FF3196A286000BA77F8 /* piclist2.plist */,
				FAD8F1281964F671003613D2 /* xianq.png */,
				6AC2A8E01964A3B800187008 /* home.png */,
				6AC2A8E21964A3C600187008 /* save.png */,
				6AC2A8E41964A3C600187008 /* share.png */,
				6AC2A8B21964A03F00187008 /* DreamMark-Info.plist */,
				6AC2A8B31964A03F00187008 /* InfoPlist.strings */,
				6AC2A8B61964A03F00187008 /* main.m */,
				6AC2A8B81964A03F00187008 /* DreamMark-Prefix.pch */,
				FA763C21196E1FD70077378E /* piclist3.plist */,
				FA763C23196E1FEC0077378E /* piclist4.plist */,
			);
			name = "Supporting Files";
			sourceTree = "<group>";
		};
		6AC2A8CF1964A03F00187008 /* DreamMarkTests */ = {
			isa = PBXGroup;
			children = (
				6AC2A8D51964A03F00187008 /* DreamMarkTests.m */,
				6AC2A8D01964A03F00187008 /* Supporting Files */,
			);
			path = DreamMarkTests;
			sourceTree = "<group>";
		};
		6AC2A8D01964A03F00187008 /* Supporting Files */ = {
			isa = PBXGroup;
			children = (
				6AC2A8D11964A03F00187008 /* DreamMarkTests-Info.plist */,
				6AC2A8D21964A03F00187008 /* InfoPlist.strings */,
			);
			name = "Supporting Files";
			sourceTree = "<group>";
		};
		6AC2A8DF1964A18400187008 /* ControllerViews */ = {
			isa = PBXGroup;
			children = (
				6AC2A8EA1964A7C200187008 /* DMGraffitiViewController.h */,
				6AC2A8EB1964A7C200187008 /* DMGraffitiViewController.m */,
				FAD8F1251964F4DC003613D2 /* DMPuzzleViewController.h */,
				FAD8F1261964F4DC003613D2 /* DMPuzzleViewController.m */,
			);
			name = ControllerViews;
			sourceTree = "<group>";
		};
		FA763C0C196E1F970077378E /* others */ = {
			isa = PBXGroup;
			children = (
				FA763C0D196E1FB50077378E /* o_animal.png */,
				FA763C0E196E1FB50077378E /* o_bird.png */,
				FA763C0F196E1FB50077378E /* o_fire.png */,
				FA763C10196E1FB50077378E /* o_fish.png */,
				FA763C11196E1FB50077378E /* o_flower.png */,
				FA763C12196E1FB50077378E /* o_fruit.png */,
				FA763C13196E1FB50077378E /* o_music.png */,
				FA763C14196E1FB50077378E /* o_snake.png */,
				FA763C15196E1FB50077378E /* o_sonwOrRain.png */,
				FA763C16196E1FB50077378E /* o_test.png */,
			);
			name = others;
			sourceTree = "<group>";
		};
		FACECD14196B87F900BDDD2E /* scene */ = {
			isa = PBXGroup;
			children = (
				FA769FFE196A288300BA77F8 /* s_trees.png */,
				FA769FFF196A288300BA77F8 /* s_water.png */,
				FA76A000196A288300BA77F8 /* s_cliff.png */,
				FA76A001196A288300BA77F8 /* s_house.png */,
				FA76A002196A288300BA77F8 /* s_mountain.png */,
				FA76A003196A288300BA77F8 /* s_sky.png */,
				FA76A00A196A288D00BA77F8 /* s_night.png */,
			);
			name = scene;
			sourceTree = "<group>";
		};
		FACECD15196B882000BDDD2E /* mark */ = {
			isa = PBXGroup;
			children = (
				FA769FF6196A286E00BA77F8 /* mark.png */,
				FA769FF7196A286E00BA77F8 /* mark1.png */,
				FA769FF8196A286E00BA77F8 /* mark2.png */,
				FA769FF9196A286E00BA77F8 /* mark3.png */,
			);
			name = mark;
			sourceTree = "<group>";
		};
		FACECD16196B883800BDDD2E /* story */ = {
			isa = PBXGroup;
			children = (
				FA763BFE196E1F800077378E /* l_caipiao.png */,
				FA763BFF196E1F800077378E /* l_car.png */,
				FA763C00196E1F800077378E /* l_ferry.png */,
				FA763C01196E1F800077378E /* l_fly.png */,
				FA763C02196E1F800077378E /* l_jin18.png */,
				FA763C03196E1F800077378E /* l_money.png */,
				FA763C04196E1F800077378E /* l_wed.png */,
			);
			name = story;
			sourceTree = "<group>";
		};
/* End PBXGroup section */

/* Begin PBXNativeTarget section */
		6AC2A8A61964A03F00187008 /* DreamMark */ = {
			isa = PBXNativeTarget;
			buildConfigurationList = 6AC2A8D91964A03F00187008 /* Build configuration list for PBXNativeTarget "DreamMark" */;
			buildPhases = (
				6AC2A8A31964A03F00187008 /* Sources */,
				6AC2A8A41964A03F00187008 /* Frameworks */,
				6AC2A8A51964A03F00187008 /* Resources */,
			);
			buildRules = (
			);
			dependencies = (
			);
			name = DreamMark;
			productName = DreamMark;
			productReference = 6AC2A8A71964A03F00187008 /* DreamMark.app */;
			productType = "com.apple.product-type.application";
		};
		6AC2A8C71964A03F00187008 /* DreamMarkTests */ = {
			isa = PBXNativeTarget;
			buildConfigurationList = 6AC2A8DC1964A03F00187008 /* Build configuration list for PBXNativeTarget "DreamMarkTests" */;
			buildPhases = (
				6AC2A8C41964A03F00187008 /* Sources */,
				6AC2A8C51964A03F00187008 /* Frameworks */,
				6AC2A8C61964A03F00187008 /* Resources */,
			);
			buildRules = (
			);
			dependencies = (
				6AC2A8CE1964A03F00187008 /* PBXTargetDependency */,
			);
			name = DreamMarkTests;
			productName = DreamMarkTests;
			productReference = 6AC2A8C81964A03F00187008 /* DreamMarkTests.xctest */;
			productType = "com.apple.product-type.bundle.unit-test";
		};
/* End PBXNativeTarget section */

/* Begin PBXProject section */
		6AC2A89F1964A03F00187008 /* Project object */ = {
			isa = PBXProject;
			attributes = {
				CLASSPREFIX = DM;
				LastUpgradeCheck = 0510;
				ORGANIZATIONNAME = Ckitakishi;
				TargetAttributes = {
					6AC2A8C71964A03F00187008 = {
						TestTargetID = 6AC2A8A61964A03F00187008;
					};
				};
			};
			buildConfigurationList = 6AC2A8A21964A03F00187008 /* Build configuration list for PBXProject "DreamMark" */;
			compatibilityVersion = "Xcode 3.2";
			developmentRegion = English;
			hasScannedForEncodings = 0;
			knownRegions = (
				en,
				Base,
			);
			mainGroup = 6AC2A89E1964A03F00187008;
			productRefGroup = 6AC2A8A81964A03F00187008 /* Products */;
			projectDirPath = "";
			projectRoot = "";
			targets = (
				6AC2A8A61964A03F00187008 /* DreamMark */,
				6AC2A8C71964A03F00187008 /* DreamMarkTests */,
			);
		};
/* End PBXProject section */

/* Begin PBXResourcesBuildPhase section */
		6AC2A8A51964A03F00187008 /* Resources */ = {
			isa = PBXResourcesBuildPhase;
			buildActionMask = 2147483647;
			files = (
				FA769FF5196A286000BA77F8 /* piclist2.plist in Resources */,
				FA763C09196E1F800077378E /* l_jin18.png in Resources */,
				FA76A007196A288300BA77F8 /* s_house.png in Resources */,
				FA763C08196E1F800077378E /* l_fly.png in Resources */,
				FA769FFB196A286E00BA77F8 /* mark1.png in Resources */,
				6AC2A8E11964A3B800187008 /* home.png in Resources */,
				FA76A009196A288300BA77F8 /* s_sky.png in Resources */,
				FA76A004196A288300BA77F8 /* s_trees.png in Resources */,
				FA76A00B196A288D00BA77F8 /* s_night.png in Resources */,
				FA763C19196E1FB50077378E /* o_fire.png in Resources */,
				FA76A006196A288300BA77F8 /* s_cliff.png in Resources */,
				FA763C22196E1FD70077378E /* piclist3.plist in Resources */,
				FA763C05196E1F800077378E /* l_caipiao.png in Resources */,
				FA763C0B196E1F800077378E /* l_wed.png in Resources */,
				FA763C1C196E1FB50077378E /* o_fruit.png in Resources */,
				6AC2A8E61964A3C600187008 /* save.png in Resources */,
				6AC2A8C31964A03F00187008 /* Images.xcassets in Resources */,
				6AC2A8E81964A3C600187008 /* share.png in Resources */,
				6AC2A8B51964A03F00187008 /* InfoPlist.strings in Resources */,
				FA763C07196E1F800077378E /* l_ferry.png in Resources */,
				FA763C1F196E1FB50077378E /* o_sonwOrRain.png in Resources */,
				FA769FFA196A286E00BA77F8 /* mark.png in Resources */,
				FA763C1A196E1FB50077378E /* o_fish.png in Resources */,
				FA763C0A196E1F800077378E /* l_money.png in Resources */,
				FA763C18196E1FB50077378E /* o_bird.png in Resources */,
				6AC2A8BE1964A03F00187008 /* Main.storyboard in Resources */,
				FA763C06196E1F800077378E /* l_car.png in Resources */,
				FA76A008196A288300BA77F8 /* s_mountain.png in Resources */,
				FA769FFC196A286E00BA77F8 /* mark2.png in Resources */,
				FA763C1D196E1FB50077378E /* o_music.png in Resources */,
				FA763C17196E1FB50077378E /* o_animal.png in Resources */,
				FAD8F1291964F671003613D2 /* xianq.png in Resources */,
				FA763C1E196E1FB50077378E /* o_snake.png in Resources */,
				FA763C1B196E1FB50077378E /* o_flower.png in Resources */,
				FA769FFD196A286E00BA77F8 /* mark3.png in Resources */,
				FA76A005196A288300BA77F8 /* s_water.png in Resources */,
				FA763C24196E1FEC0077378E /* piclist4.plist in Resources */,
				FA769FF4196A286000BA77F8 /* piclist.plist in Resources */,
				FA763C20196E1FB50077378E /* o_test.png in Resources */,
			);
			runOnlyForDeploymentPostprocessing = 0;
		};
		6AC2A8C61964A03F00187008 /* Resources */ = {
			isa = PBXResourcesBuildPhase;
			buildActionMask = 2147483647;
			files = (
				6AC2A8D41964A03F00187008 /* InfoPlist.strings in Resources */,
			);
			runOnlyForDeploymentPostprocessing = 0;
		};
/* End PBXResourcesBuildPhase section */

/* Begin PBXSourcesBuildPhase section */
		6AC2A8A31964A03F00187008 /* Sources */ = {
			isa = PBXSourcesBuildPhase;
			buildActionMask = 2147483647;
			files = (
				6AC2A8B71964A03F00187008 /* main.m in Sources */,
				6AC2A8EC1964A7C200187008 /* DMGraffitiViewController.m in Sources */,
				6AC2A8C11964A03F00187008 /* DMViewController.m in Sources */,
				6AC2A8BB1964A03F00187008 /* DMAppDelegate.m in Sources */,
				FAD8F1271964F4DC003613D2 /* DMPuzzleViewController.m in Sources */,
				FA76A00E196A2B4100BA77F8 /* DMPicInfo.m in Sources */,
			);
			runOnlyForDeploymentPostprocessing = 0;
		};
		6AC2A8C41964A03F00187008 /* Sources */ = {
			isa = PBXSourcesBuildPhase;
			buildActionMask = 2147483647;
			files = (
				6AC2A8D61964A03F00187008 /* DreamMarkTests.m in Sources */,
			);
			runOnlyForDeploymentPostprocessing = 0;
		};
/* End PBXSourcesBuildPhase section */

/* Begin PBXTargetDependency section */
		6AC2A8CE1964A03F00187008 /* PBXTargetDependency */ = {
			isa = PBXTargetDependency;
			target = 6AC2A8A61964A03F00187008 /* DreamMark */;
			targetProxy = 6AC2A8CD1964A03F00187008 /* PBXContainerItemProxy */;
		};
/* End PBXTargetDependency section */

/* Begin PBXVariantGroup section */
		6AC2A8B31964A03F00187008 /* InfoPlist.strings */ = {
			isa = PBXVariantGroup;
			children = (
				6AC2A8B41964A03F00187008 /* en */,
			);
			name = InfoPlist.strings;
			sourceTree = "<group>";
		};
		6AC2A8BC1964A03F00187008 /* Main.storyboard */ = {
			isa = PBXVariantGroup;
			children = (
				6AC2A8BD1964A03F00187008 /* Base */,
			);
			name = Main.storyboard;
			sourceTree = "<group>";
		};
		6AC2A8D21964A03F00187008 /* InfoPlist.strings */ = {
			isa = PBXVariantGroup;
			children = (
				6AC2A8D31964A03F00187008 /* en */,
			);
			name = InfoPlist.strings;
			sourceTree = "<group>";
		};
/* End PBXVariantGroup section */

/* Begin XCBuildConfiguration section */
		6AC2A8D71964A03F00187008 /* Debug */ = {
			isa = XCBuildConfiguration;
			buildSettings = {
				ALWAYS_SEARCH_USER_PATHS = NO;
				CLANG_CXX_LANGUAGE_STANDARD = "gnu++0x";
				CLANG_CXX_LIBRARY = "libc++";
				CLANG_ENABLE_MODULES = YES;
				CLANG_ENABLE_OBJC_ARC = YES;
				CLANG_WARN_BOOL_CONVERSION = YES;
				CLANG_WARN_CONSTANT_CONVERSION = YES;
				CLANG_WARN_DIRECT_OBJC_ISA_USAGE = YES_ERROR;
				CLANG_WARN_EMPTY_BODY = YES;
				CLANG_WARN_ENUM_CONVERSION = YES;
				CLANG_WARN_INT_CONVERSION = YES;
				CLANG_WARN_OBJC_ROOT_CLASS = YES_ERROR;
				CLANG_WARN__DUPLICATE_METHOD_MATCH = YES;
				"CODE_SIGN_IDENTITY[sdk=iphoneos*]" = "iPhone Developer";
				COPY_PHASE_STRIP = NO;
				GCC_C_LANGUAGE_STANDARD = gnu99;
				GCC_DYNAMIC_NO_PIC = NO;
				GCC_OPTIMIZATION_LEVEL = 0;
				GCC_PREPROCESSOR_DEFINITIONS = (
					"DEBUG=1",
					"$(inherited)",
				);
				GCC_SYMBOLS_PRIVATE_EXTERN = NO;
				GCC_WARN_64_TO_32_BIT_CONVERSION = YES;
				GCC_WARN_ABOUT_RETURN_TYPE = YES_ERROR;
				GCC_WARN_UNDECLARED_SELECTOR = YES;
				GCC_WARN_UNINITIALIZED_AUTOS = YES_AGGRESSIVE;
				GCC_WARN_UNUSED_FUNCTION = YES;
				GCC_WARN_UNUSED_VARIABLE = YES;
				IPHONEOS_DEPLOYMENT_TARGET = 7.1;
				ONLY_ACTIVE_ARCH = YES;
				SDKROOT = iphoneos;
			};
			name = Debug;
		};
		6AC2A8D81964A03F00187008 /* Release */ = {
			isa = XCBuildConfiguration;
			buildSettings = {
				ALWAYS_SEARCH_USER_PATHS = NO;
				CLANG_CXX_LANGUAGE_STANDARD = "gnu++0x";
				CLANG_CXX_LIBRARY = "libc++";
				CLANG_ENABLE_MODULES = YES;
				CLANG_ENABLE_OBJC_ARC = YES;
				CLANG_WARN_BOOL_CONVERSION = YES;
				CLANG_WARN_CONSTANT_CONVERSION = YES;
				CLANG_WARN_DIRECT_OBJC_ISA_USAGE = YES_ERROR;
				CLANG_WARN_EMPTY_BODY = YES;
				CLANG_WARN_ENUM_CONVERSION = YES;
				CLANG_WARN_INT_CONVERSION = YES;
				CLANG_WARN_OBJC_ROOT_CLASS = YES_ERROR;
				CLANG_WARN__DUPLICATE_METHOD_MATCH = YES;
				"CODE_SIGN_IDENTITY[sdk=iphoneos*]" = "iPhone Developer";
				COPY_PHASE_STRIP = YES;
				ENABLE_NS_ASSERTIONS = NO;
				GCC_C_LANGUAGE_STANDARD = gnu99;
				GCC_WARN_64_TO_32_BIT_CONVERSION = YES;
				GCC_WARN_ABOUT_RETURN_TYPE = YES_ERROR;
				GCC_WARN_UNDECLARED_SELECTOR = YES;
				GCC_WARN_UNINITIALIZED_AUTOS = YES_AGGRESSIVE;
				GCC_WARN_UNUSED_FUNCTION = YES;
				GCC_WARN_UNUSED_VARIABLE = YES;
				IPHONEOS_DEPLOYMENT_TARGET = 7.1;
				SDKROOT = iphoneos;
				VALIDATE_PRODUCT = YES;
			};
			name = Release;
		};
		6AC2A8DA1964A03F00187008 /* Debug */ = {
			isa = XCBuildConfiguration;
			buildSettings = {
				ASSETCATALOG_COMPILER_APPICON_NAME = AppIcon;
				ASSETCATALOG_COMPILER_LAUNCHIMAGE_NAME = LaunchImage;
				GCC_PRECOMPILE_PREFIX_HEADER = YES;
				GCC_PREFIX_HEADER = "DreamMark/DreamMark-Prefix.pch";
				INFOPLIST_FILE = "DreamMark/DreamMark-Info.plist";
				IPHONEOS_DEPLOYMENT_TARGET = 7.0;
				PRODUCT_NAME = "$(TARGET_NAME)";
				WRAPPER_EXTENSION = app;
			};
			name = Debug;
		};
		6AC2A8DB1964A03F00187008 /* Release */ = {
			isa = XCBuildConfiguration;
			buildSettings = {
				ASSETCATALOG_COMPILER_APPICON_NAME = AppIcon;
				ASSETCATALOG_COMPILER_LAUNCHIMAGE_NAME = LaunchImage;
				GCC_PRECOMPILE_PREFIX_HEADER = YES;
				GCC_PREFIX_HEADER = "DreamMark/DreamMark-Prefix.pch";
				INFOPLIST_FILE = "DreamMark/DreamMark-Info.plist";
				IPHONEOS_DEPLOYMENT_TARGET = 7.0;
				PRODUCT_NAME = "$(TARGET_NAME)";
				WRAPPER_EXTENSION = app;
			};
			name = Release;
		};
		6AC2A8DD1964A03F00187008 /* Debug */ = {
			isa = XCBuildConfiguration;
			buildSettings = {
				BUNDLE_LOADER = "$(BUILT_PRODUCTS_DIR)/DreamMark.app/DreamMark";
				FRAMEWORK_SEARCH_PATHS = (
					"$(SDKROOT)/Developer/Library/Frameworks",
					"$(inherited)",
					"$(DEVELOPER_FRAMEWORKS_DIR)",
				);
				GCC_PRECOMPILE_PREFIX_HEADER = YES;
				GCC_PREFIX_HEADER = "DreamMark/DreamMark-Prefix.pch";
				GCC_PREPROCESSOR_DEFINITIONS = (
					"DEBUG=1",
					"$(inherited)",
				);
				INFOPLIST_FILE = "DreamMarkTests/DreamMarkTests-Info.plist";
				IPHONEOS_DEPLOYMENT_TARGET = 7.0;
				PRODUCT_NAME = "$(TARGET_NAME)";
				TEST_HOST = "$(BUNDLE_LOADER)";
				WRAPPER_EXTENSION = xctest;
			};
			name = Debug;
		};
		6AC2A8DE1964A03F00187008 /* Release */ = {
			isa = XCBuildConfiguration;
			buildSettings = {
				BUNDLE_LOADER = "$(BUILT_PRODUCTS_DIR)/DreamMark.app/DreamMark";
				FRAMEWORK_SEARCH_PATHS = (
					"$(SDKROOT)/Developer/Library/Frameworks",
					"$(inherited)",
					"$(DEVELOPER_FRAMEWORKS_DIR)",
				);
				GCC_PRECOMPILE_PREFIX_HEADER = YES;
				GCC_PREFIX_HEADER = "DreamMark/DreamMark-Prefix.pch";
				INFOPLIST_FILE = "DreamMarkTests/DreamMarkTests-Info.plist";
				IPHONEOS_DEPLOYMENT_TARGET = 7.0;
				PRODUCT_NAME = "$(TARGET_NAME)";
				TEST_HOST = "$(BUNDLE_LOADER)";
				WRAPPER_EXTENSION = xctest;
			};
			name = Release;
		};
/* End XCBuildConfiguration section */

/* Begin XCConfigurationList section */
		6AC2A8A21964A03F00187008 /* Build configuration list for PBXProject "DreamMark" */ = {
			isa = XCConfigurationList;
			buildConfigurations = (
				6AC2A8D71964A03F00187008 /* Debug */,
				6AC2A8D81964A03F00187008 /* Release */,
			);
			defaultConfigurationIsVisible = 0;
			defaultConfigurationName = Release;
		};
		6AC2A8D91964A03F00187008 /* Build configuration list for PBXNativeTarget "DreamMark" */ = {
			isa = XCConfigurationList;
			buildConfigurations = (
				6AC2A8DA1964A03F00187008 /* Debug */,
				6AC2A8DB1964A03F00187008 /* Release */,
			);
			defaultConfigurationIsVisible = 0;
			defaultConfigurationName = Release;
		};
		6AC2A8DC1964A03F00187008 /* Build configuration list for PBXNativeTarget "DreamMarkTests" */ = {
			isa = XCConfigurationList;
			buildConfigurations = (
				6AC2A8DD1964A03F00187008 /* Debug */,
				6AC2A8DE1964A03F00187008 /* Release */,
			);
			defaultConfigurationIsVisible = 0;
			defaultConfigurationName = Release;
		};
/* End XCConfigurationList section */
	};
	rootObject = 6AC2A89F1964A03F00187008 /* Project object */;
}
